
Microsoft Visual Studio Solution File, Format Version 12.00
# Visual Studio Version 17
VisualStudioVersion = 17.14.36414.22
MinimumVisualStudioVersion = 10.0.40219.1
Project("{FAE04EC0-301F-11D3-BF4B-00C04F79EFBC}") = "Lab1", "bychok-labs\Lab1.csproj", "{98F461AC-4F8B-4CF8-B766-EE9A598E1ACE}"
EndProject
Project("{FAE04EC0-301F-11D3-BF4B-00C04F79EFBC}") = "Lab2", "Lab2\Lab2.csproj", "{56130F9F-5AFF-45C5-907A-24908A8C4B13}"
EndProject
Project("{FAE04EC0-301F-11D3-BF4B-00C04F79EFBC}") = "Lab3", "Lab3\Lab3.csproj", "{AD6FE05B-3CAD-45BD-8569-3E85F0C370E9}"
EndProject
Project("{FAE04EC0-301F-11D3-BF4B-00C04F79EFBC}") = "Lab5", "Lab5\Lab5.csproj", "{DDEB0746-AB7E-4518-98AA-3A717F02D566}"
EndProject
Project("{FAE04EC0-301F-11D3-BF4B-00C04F79EFBC}") = "Lab4", "Lab4\Lab4.csproj", "{9F0D3B84-5018-4987-9D3A-976FCAD6F957}"
EndProject
Project("{FAE04EC0-301F-11D3-BF4B-00C04F79EFBC}") = "Warehouse.Data", "Warehouse.Data\Warehouse.Data.csproj", "{BD208CFF-37A5-43B6-B67B-2E32B06AA787}"
EndProject
Project("{2150E333-8FDC-42A3-9474-1A3956D46DE8}") = "DatabaseScripts", "DatabaseScripts", "{36D591C7-65C7-A0D1-1CBC-10CDE441BDC8}"
	ProjectSection(SolutionItems) = preProject
		Dormitory.WpfApp\CreateDB.sql = Dormitory.WpfApp\CreateDB.sql
		Dormitory.WpfApp\CreateDormitoryDB.sql = Dormitory.WpfApp\CreateDormitoryDB.sql
		CreateWarehouseDB.sql = CreateWarehouseDB.sql
		Dormitory.Data\SQLQuery1.sql = Dormitory.Data\SQLQuery1.sql
		Dormitory.Data\SQLQuery2.sql = Dormitory.Data\SQLQuery2.sql
	EndProjectSection
EndProject
Project("{FAE04EC0-301F-11D3-BF4B-00C04F79EFBC}") = "Dormitory.Data", "Dormitory.Data\Dormitory.Data.csproj", "{F29F38B6-3D9E-40A0-8635-DF761C3296FF}"
EndProject
Project("{FAE04EC0-301F-11D3-BF4B-00C04F79EFBC}") = "Dormitory.WpfApp", "Dormitory.WpfApp\Dormitory.WpfApp.csproj", "{D36DD3BC-1E40-4815-974B-C073A744DC4C}"
EndProject
Project("{2150E333-8FDC-42A3-9474-1A3956D46DE8}") = "lab6", "lab6", "{59ABF1D3-F848-426E-9086-22AA066F5A11}"
EndProject
Project("{2150E333-8FDC-42A3-9474-1A3956D46DE8}") = "lab7", "lab7", "{856E8DBF-69B5-46FA-9DC3-B49FF6F33868}"
EndProject
Project("{FAE04EC0-301F-11D3-BF4B-00C04F79EFBC}") = "Dormitory.Data.EF", "Dormitory.Data.EF\Dormitory.Data.EF.csproj", "{9A14715D-9302-4806-9837-66B8A71F828B}"
EndProject
Project("{FAE04EC0-301F-11D3-BF4B-00C04F79EFBC}") = "Dormitory.WpfApp.EF", "Dormitory.WpfApp.EF\Dormitory.WpfApp.EF.csproj", "{79BC27EB-E0F2-4CC2-873F-12E992000D70}"
EndProject
Project("{2150E333-8FDC-42A3-9474-1A3956D46DE8}") = "lab8", "lab8", "{844D26EE-DA0C-4857-BD24-79655E8A3A59}"
EndProject
Project("{FAE04EC0-301F-11D3-BF4B-00C04F79EFBC}") = "JewelryStore.Domain", "JewelryStore.Domain\JewelryStore.Domain.csproj", "{6D2E9D44-735B-4E2D-A3A4-28EF2E6ED7DF}"
EndProject
Project("{FAE04EC0-301F-11D3-BF4B-00C04F79EFBC}") = "JewelryStore.Web", "JewelryStore.Web\JewelryStore.Web.csproj", "{4CDB029F-19FA-48E3-8483-9304BF0976B2}"
EndProject
Global
	GlobalSection(SolutionConfigurationPlatforms) = preSolution
		Debug|Any CPU = Debug|Any CPU
		Release|Any CPU = Release|Any CPU
	EndGlobalSection
	GlobalSection(ProjectConfigurationPlatforms) = postSolution
		{98F461AC-4F8B-4CF8-B766-EE9A598E1ACE}.Debug|Any CPU.ActiveCfg = Debug|Any CPU
		{98F461AC-4F8B-4CF8-B766-EE9A598E1ACE}.Debug|Any CPU.Build.0 = Debug|Any CPU
		{98F461AC-4F8B-4CF8-B766-EE9A598E1ACE}.Release|Any CPU.ActiveCfg = Release|Any CPU
		{98F461AC-4F8B-4CF8-B766-EE9A598E1ACE}.Release|Any CPU.Build.0 = Release|Any CPU
		{56130F9F-5AFF-45C5-907A-24908A8C4B13}.Debug|Any CPU.ActiveCfg = Debug|Any CPU
		{56130F9F-5AFF-45C5-907A-24908A8C4B13}.Debug|Any CPU.Build.0 = Debug|Any CPU
		{56130F9F-5AFF-45C5-907A-24908A8C4B13}.Release|Any CPU.ActiveCfg = Release|Any CPU
		{56130F9F-5AFF-45C5-907A-24908A8C4B13}.Release|Any CPU.Build.0 = Release|Any CPU
		{AD6FE05B-3CAD-45BD-8569-3E85F0C370E9}.Debug|Any CPU.ActiveCfg = Debug|Any CPU
		{AD6FE05B-3CAD-45BD-8569-3E85F0C370E9}.Debug|Any CPU.Build.0 = Debug|Any CPU
		{AD6FE05B-3CAD-45BD-8569-3E85F0C370E9}.Release|Any CPU.ActiveCfg = Release|Any CPU
		{AD6FE05B-3CAD-45BD-8569-3E85F0C370E9}.Release|Any CPU.Build.0 = Release|Any CPU
		{DDEB0746-AB7E-4518-98AA-3A717F02D566}.Debug|Any CPU.ActiveCfg = Debug|Any CPU
		{DDEB0746-AB7E-4518-98AA-3A717F02D566}.Debug|Any CPU.Build.0 = Debug|Any CPU
		{DDEB0746-AB7E-4518-98AA-3A717F02D566}.Release|Any CPU.ActiveCfg = Release|Any CPU
		{DDEB0746-AB7E-4518-98AA-3A717F02D566}.Release|Any CPU.Build.0 = Release|Any CPU
		{9F0D3B84-5018-4987-9D3A-976FCAD6F957}.Debug|Any CPU.ActiveCfg = Debug|Any CPU
		{9F0D3B84-5018-4987-9D3A-976FCAD6F957}.Debug|Any CPU.Build.0 = Debug|Any CPU
		{9F0D3B84-5018-4987-9D3A-976FCAD6F957}.Release|Any CPU.ActiveCfg = Release|Any CPU
		{9F0D3B84-5018-4987-9D3A-976FCAD6F957}.Release|Any CPU.Build.0 = Release|Any CPU
		{BD208CFF-37A5-43B6-B67B-2E32B06AA787}.Debug|Any CPU.ActiveCfg = Debug|Any CPU
		{BD208CFF-37A5-43B6-B67B-2E32B06AA787}.Debug|Any CPU.Build.0 = Debug|Any CPU
		{BD208CFF-37A5-43B6-B67B-2E32B06AA787}.Release|Any CPU.ActiveCfg = Release|Any CPU
		{BD208CFF-37A5-43B6-B67B-2E32B06AA787}.Release|Any CPU.Build.0 = Release|Any CPU
		{F29F38B6-3D9E-40A0-8635-DF761C3296FF}.Debug|Any CPU.ActiveCfg = Debug|Any CPU
		{F29F38B6-3D9E-40A0-8635-DF761C3296FF}.Debug|Any CPU.Build.0 = Debug|Any CPU
		{F29F38B6-3D9E-40A0-8635-DF761C3296FF}.Release|Any CPU.ActiveCfg = Release|Any CPU
		{F29F38B6-3D9E-40A0-8635-DF761C3296FF}.Release|Any CPU.Build.0 = Release|Any CPU
		{D36DD3BC-1E40-4815-974B-C073A744DC4C}.Debug|Any CPU.ActiveCfg = Debug|Any CPU
		{D36DD3BC-1E40-4815-974B-C073A744DC4C}.Debug|Any CPU.Build.0 = Debug|Any CPU
		{D36DD3BC-1E40-4815-974B-C073A744DC4C}.Release|Any CPU.ActiveCfg = Release|Any CPU
		{D36DD3BC-1E40-4815-974B-C073A744DC4C}.Release|Any CPU.Build.0 = Release|Any CPU
		{9A14715D-9302-4806-9837-66B8A71F828B}.Debug|Any CPU.ActiveCfg = Debug|Any CPU
		{9A14715D-9302-4806-9837-66B8A71F828B}.Debug|Any CPU.Build.0 = Debug|Any CPU
		{9A14715D-9302-4806-9837-66B8A71F828B}.Release|Any CPU.ActiveCfg = Release|Any CPU
		{9A14715D-9302-4806-9837-66B8A71F828B}.Release|Any CPU.Build.0 = Release|Any CPU
		{79BC27EB-E0F2-4CC2-873F-12E992000D70}.Debug|Any CPU.ActiveCfg = Debug|Any CPU
		{79BC27EB-E0F2-4CC2-873F-12E992000D70}.Debug|Any CPU.Build.0 = Debug|Any CPU
		{79BC27EB-E0F2-4CC2-873F-12E992000D70}.Release|Any CPU.ActiveCfg = Release|Any CPU
		{79BC27EB-E0F2-4CC2-873F-12E992000D70}.Release|Any CPU.Build.0 = Release|Any CPU
		{6D2E9D44-735B-4E2D-A3A4-28EF2E6ED7DF}.Debug|Any CPU.ActiveCfg = Debug|Any CPU
		{6D2E9D44-735B-4E2D-A3A4-28EF2E6ED7DF}.Debug|Any CPU.Build.0 = Debug|Any CPU
		{6D2E9D44-735B-4E2D-A3A4-28EF2E6ED7DF}.Release|Any CPU.ActiveCfg = Release|Any CPU
		{6D2E9D44-735B-4E2D-A3A4-28EF2E6ED7DF}.Release|Any CPU.Build.0 = Release|Any CPU
		{4CDB029F-19FA-48E3-8483-9304BF0976B2}.Debug|Any CPU.ActiveCfg = Debug|Any CPU
		{4CDB029F-19FA-48E3-8483-9304BF0976B2}.Debug|Any CPU.Build.0 = Debug|Any CPU
		{4CDB029F-19FA-48E3-8483-9304BF0976B2}.Release|Any CPU.ActiveCfg = Release|Any CPU
		{4CDB029F-19FA-48E3-8483-9304BF0976B2}.Release|Any CPU.Build.0 = Release|Any CPU
	EndGlobalSection
	GlobalSection(SolutionProperties) = preSolution
		HideSolutionNode = FALSE
	EndGlobalSection
	GlobalSection(NestedProjects) = preSolution
		{F29F38B6-3D9E-40A0-8635-DF761C3296FF} = {59ABF1D3-F848-426E-9086-22AA066F5A11}
		{D36DD3BC-1E40-4815-974B-C073A744DC4C} = {59ABF1D3-F848-426E-9086-22AA066F5A11}
		{9A14715D-9302-4806-9837-66B8A71F828B} = {856E8DBF-69B5-46FA-9DC3-B49FF6F33868}
		{79BC27EB-E0F2-4CC2-873F-12E992000D70} = {856E8DBF-69B5-46FA-9DC3-B49FF6F33868}
		{6D2E9D44-735B-4E2D-A3A4-28EF2E6ED7DF} = {844D26EE-DA0C-4857-BD24-79655E8A3A59}
		{4CDB029F-19FA-48E3-8483-9304BF0976B2} = {844D26EE-DA0C-4857-BD24-79655E8A3A59}
	EndGlobalSection
	GlobalSection(ExtensibilityGlobals) = postSolution
		SolutionGuid = {4DEE25B0-CA75-453B-BD0A-FDCD87DDDE8F}
	EndGlobalSection
EndGlobal
